
Microsoft Visual Studio Solution File, Format Version 12.00
# Visual Studio 15
VisualStudioVersion = 15.0.28010.2003
MinimumVisualStudioVersion = 10.0.40219.1
Project("{FAE04EC0-301F-11D3-BF4B-00C04F79EFBC}") = "Capgemini.StudioReceptionist.BL.WebApi", "Capgemini.StudioReceptionist.BL.WebApi\Capgemini.StudioReceptionist.BL.WebApi.csproj", "{A71E25C4-38F5-48E4-8B9F-648C8ABE33CF}"
EndProject
Project("{FAE04EC0-301F-11D3-BF4B-00C04F79EFBC}") = "Capgemini.StudioReceptionist.Entities", "Capgemini.StudioReceptionist.Entities\Capgemini.StudioReceptionist.Entities.csproj", "{71D09E27-C8E6-438D-90A5-51C76A316170}"
EndProject
Project("{FAE04EC0-301F-11D3-BF4B-00C04F79EFBC}") = "Capgemini.StudioReceptionist.ServiceConsumer.SPO", "Capgemini.StudioReceptionist.ServiceConsumer.SPO\Capgemini.StudioReceptionist.ServiceConsumer.SPO.csproj", "{D691D353-6855-46EB-8BE3-5C553C81FD64}"
EndProject
Project("{FAE04EC0-301F-11D3-BF4B-00C04F79EFBC}") = "Capgemini.StudioReceptionist.ServiceConsumer.ACS", "Capgemini.StudioReceptionist.ServiceConsumer.ACS\Capgemini.StudioReceptionist.ServiceConsumer.ACS.csproj", "{25751116-5124-41F7-AD35-F216533A69FA}"
EndProject
Global
	GlobalSection(SolutionConfigurationPlatforms) = preSolution
		Debug|Any CPU = Debug|Any CPU
		MatsBoberg|Any CPU = MatsBoberg|Any CPU
		Release|Any CPU = Release|Any CPU
	EndGlobalSection
	GlobalSection(ProjectConfigurationPlatforms) = postSolution
		{A71E25C4-38F5-48E4-8B9F-648C8ABE33CF}.Debug|Any CPU.ActiveCfg = Debug|Any CPU
		{A71E25C4-38F5-48E4-8B9F-648C8ABE33CF}.Debug|Any CPU.Build.0 = Debug|Any CPU
		{A71E25C4-38F5-48E4-8B9F-648C8ABE33CF}.MatsBoberg|Any CPU.ActiveCfg = MatsBoberg|Any CPU
		{A71E25C4-38F5-48E4-8B9F-648C8ABE33CF}.MatsBoberg|Any CPU.Build.0 = MatsBoberg|Any CPU
		{A71E25C4-38F5-48E4-8B9F-648C8ABE33CF}.Release|Any CPU.ActiveCfg = Release|Any CPU
		{A71E25C4-38F5-48E4-8B9F-648C8ABE33CF}.Release|Any CPU.Build.0 = Release|Any CPU
		{71D09E27-C8E6-438D-90A5-51C76A316170}.Debug|Any CPU.ActiveCfg = Debug|Any CPU
		{71D09E27-C8E6-438D-90A5-51C76A316170}.Debug|Any CPU.Build.0 = Debug|Any CPU
		{71D09E27-C8E6-438D-90A5-51C76A316170}.MatsBoberg|Any CPU.ActiveCfg = MatsBoberg|Any CPU
		{71D09E27-C8E6-438D-90A5-51C76A316170}.MatsBoberg|Any CPU.Build.0 = MatsBoberg|Any CPU
		{71D09E27-C8E6-438D-90A5-51C76A316170}.Release|Any CPU.ActiveCfg = Release|Any CPU
		{71D09E27-C8E6-438D-90A5-51C76A316170}.Release|Any CPU.Build.0 = Release|Any CPU
		{D691D353-6855-46EB-8BE3-5C553C81FD64}.Debug|Any CPU.ActiveCfg = Debug|Any CPU
		{D691D353-6855-46EB-8BE3-5C553C81FD64}.Debug|Any CPU.Build.0 = Debug|Any CPU
		{D691D353-6855-46EB-8BE3-5C553C81FD64}.MatsBoberg|Any CPU.ActiveCfg = MatsBoberg|Any CPU
		{D691D353-6855-46EB-8BE3-5C553C81FD64}.MatsBoberg|Any CPU.Build.0 = MatsBoberg|Any CPU
		{D691D353-6855-46EB-8BE3-5C553C81FD64}.Release|Any CPU.ActiveCfg = Release|Any CPU
		{D691D353-6855-46EB-8BE3-5C553C81FD64}.Release|Any CPU.Build.0 = Release|Any CPU
		{25751116-5124-41F7-AD35-F216533A69FA}.Debug|Any CPU.ActiveCfg = Debug|Any CPU
		{25751116-5124-41F7-AD35-F216533A69FA}.Debug|Any CPU.Build.0 = Debug|Any CPU
		{25751116-5124-41F7-AD35-F216533A69FA}.MatsBoberg|Any CPU.ActiveCfg = MatsBoberg|Any CPU
		{25751116-5124-41F7-AD35-F216533A69FA}.MatsBoberg|Any CPU.Build.0 = MatsBoberg|Any CPU
		{25751116-5124-41F7-AD35-F216533A69FA}.Release|Any CPU.ActiveCfg = Release|Any CPU
		{25751116-5124-41F7-AD35-F216533A69FA}.Release|Any CPU.Build.0 = Release|Any CPU
	EndGlobalSection
	GlobalSection(SolutionProperties) = preSolution
		HideSolutionNode = FALSE
	EndGlobalSection
	GlobalSection(ExtensibilityGlobals) = postSolution
		SolutionGuid = {40A757F1-8189-429D-A092-7E3588133822}
	EndGlobalSection
EndGlobal
